
Microsoft Visual Studio Solution File, Format Version 12.00
# Visual Studio Version 17
VisualStudioVersion = 17.8.34322.80
MinimumVisualStudioVersion = 10.0.40219.1
Project("{FAE04EC0-301F-11D3-BF4B-00C04F79EFBC}") = "E-LearningManagementSystem", "E-LearningManagementSystem.csproj", "{FB3C483C-1673-443A-9748-F5E128BF8115}"
EndProject
Global
	GlobalSection(SolutionConfigurationPlatforms) = preSolution
		Debug|Any CPU = Debug|Any CPU
		Release|Any CPU = Release|Any CPU
	EndGlobalSection
	GlobalSection(ProjectConfigurationPlatforms) = postSolution
		{FB3C483C-1673-443A-9748-F5E128BF8115}.Debug|Any CPU.ActiveCfg = Debug|Any CPU
		{FB3C483C-1673-443A-9748-F5E128BF8115}.Debug|Any CPU.Build.0 = Debug|Any CPU
		{FB3C483C-1673-443A-9748-F5E128BF8115}.Release|Any CPU.ActiveCfg = Release|Any CPU
		{FB3C483C-1673-443A-9748-F5E128BF8115}.Release|Any CPU.Build.0 = Release|Any CPU
	EndGlobalSection
	GlobalSection(SolutionProperties) = preSolution
		HideSolutionNode = FALSE
	EndGlobalSection
	GlobalSection(ExtensibilityGlobals) = postSolution
		SolutionGuid = {56CC5FA1-ADAE-4525-A6D1-8EBB19B0478D}
	EndGlobalSection
EndGlobal
